
Microsoft Visual Studio Solution File, Format Version 12.00
Project("{FAE04EC0-301F-11D3-BF4B-00C04F79EFBC}") = "1-Giris", "1-Giris\1-Giris.csproj", "{3D80152F-A2D3-435E-ACF9-CC34EA37D002}"
EndProject
Project("{FAE04EC0-301F-11D3-BF4B-00C04F79EFBC}") = "2-Ornekler", "2-Ornekler\2-Ornekler.csproj", "{C67FFCBA-5047-4982-98F3-70196C5E3E12}"
EndProject
Global
	GlobalSection(SolutionConfigurationPlatforms) = preSolution
		Debug|Any CPU = Debug|Any CPU
		Release|Any CPU = Release|Any CPU
	EndGlobalSection
	GlobalSection(ProjectConfigurationPlatforms) = postSolution
		{3D80152F-A2D3-435E-ACF9-CC34EA37D002}.Debug|Any CPU.ActiveCfg = Debug|Any CPU
		{3D80152F-A2D3-435E-ACF9-CC34EA37D002}.Debug|Any CPU.Build.0 = Debug|Any CPU
		{3D80152F-A2D3-435E-ACF9-CC34EA37D002}.Release|Any CPU.ActiveCfg = Release|Any CPU
		{3D80152F-A2D3-435E-ACF9-CC34EA37D002}.Release|Any CPU.Build.0 = Release|Any CPU
		{C67FFCBA-5047-4982-98F3-70196C5E3E12}.Debug|Any CPU.ActiveCfg = Debug|Any CPU
		{C67FFCBA-5047-4982-98F3-70196C5E3E12}.Debug|Any CPU.Build.0 = Debug|Any CPU
		{C67FFCBA-5047-4982-98F3-70196C5E3E12}.Release|Any CPU.ActiveCfg = Release|Any CPU
		{C67FFCBA-5047-4982-98F3-70196C5E3E12}.Release|Any CPU.Build.0 = Release|Any CPU
	EndGlobalSection
EndGlobal
